
Microsoft Visual Studio Solution File, Format Version 12.00
# Visual Studio Version 17
VisualStudioVersion = 17.0.31903.59
MinimumVisualStudioVersion = 10.0.40219.1
Project("{9A19103F-16F7-4668-BE54-9A1E7A4F7556}") = "_build", "..\build\_build.csproj", "{BCF3FD01-B3C1-4B9E-BA5E-75939B40D987}"
EndProject
Project("{2150E333-8FDC-42A3-9474-1A3956D46DE8}") = "API", "API", "{45177093-D1BF-47F4-930B-CFBE7AF3CD5D}"
EndProject
Project("{9A19103F-16F7-4668-BE54-9A1E7A4F7556}") = "SatisfactoryPlanner.API", "API\SatisfactoryPlanner.API\SatisfactoryPlanner.API.csproj", "{14042750-24F3-4303-9340-7051FE31444B}"
EndProject
Project("{2150E333-8FDC-42A3-9474-1A3956D46DE8}") = "Tests", "Tests", "{B94E53D8-AF96-4988-94BF-36264A0C91E7}"
EndProject
Project("{9A19103F-16F7-4668-BE54-9A1E7A4F7556}") = "SatisfactoryPlanner.API.ArchTests", "API\Tests\ArchTests\SatisfactoryPlanner.API.ArchTests.csproj", "{6D687487-E90E-4AEE-8C4C-84E8EFDE923A}"
EndProject
Project("{9A19103F-16F7-4668-BE54-9A1E7A4F7556}") = "SatisfactoryPlanner.API.IntegrationTests", "API\Tests\IntegrationTests\SatisfactoryPlanner.API.IntegrationTests.csproj", "{E885C0D1-356D-4395-B352-BC48EE32812D}"
EndProject
Project("{2150E333-8FDC-42A3-9474-1A3956D46DE8}") = "BuildingBlocks", "BuildingBlocks", "{757C2086-53D1-4FF4-8A4D-76CE49614DC2}"
EndProject
Project("{9A19103F-16F7-4668-BE54-9A1E7A4F7556}") = "SatisfactoryPlanner.BuildingBlocks.Application", "BuildingBlocks\Application\SatisfactoryPlanner.BuildingBlocks.Application.csproj", "{A7B41980-5224-45AD-A7A4-9BF4CDB5F5A2}"
EndProject
Project("{9A19103F-16F7-4668-BE54-9A1E7A4F7556}") = "SatisfactoryPlanner.BuildingBlocks.Domain", "BuildingBlocks\Domain\SatisfactoryPlanner.BuildingBlocks.Domain.csproj", "{E4727ECA-20FC-4495-B02A-88F6FB5CE1DA}"
EndProject
Project("{9A19103F-16F7-4668-BE54-9A1E7A4F7556}") = "SatisfactoryPlanner.BuildingBlocks.EventBus", "BuildingBlocks\SatisfactoryPlanner.BuildingBlocks.EventBus\SatisfactoryPlanner.BuildingBlocks.EventBus.csproj", "{553EFEE4-859B-4FD6-AFE9-DB1A4A2F2D16}"
EndProject
Project("{9A19103F-16F7-4668-BE54-9A1E7A4F7556}") = "SatisfactoryPlanner.BuildingBlocks.Infrastructure", "BuildingBlocks\Infrastructure\SatisfactoryPlanner.BuildingBlocks.Infrastructure.csproj", "{91346DF2-819D-4A74-991A-5A64D1022793}"
EndProject
Project("{2150E333-8FDC-42A3-9474-1A3956D46DE8}") = "Tests", "Tests", "{C3E54654-3DB5-4C55-81E2-0978B65FF5CF}"
EndProject
Project("{9A19103F-16F7-4668-BE54-9A1E7A4F7556}") = "SatisfactoryPlanner.BuildingBlocks.ArchTests", "BuildingBlocks\Tests\SatisfactoryPlanner.BuildingBlocks.ArchTests\SatisfactoryPlanner.BuildingBlocks.ArchTests.csproj", "{37B96782-CAA2-48FE-A0DD-77670F49195F}"
EndProject
Project("{9A19103F-16F7-4668-BE54-9A1E7A4F7556}") = "SatisfactoryPlanner.BuildingBlocks.Domain.UnitTests", "BuildingBlocks\Tests\SatisfactoryPlanner.BuildingBlocks.Domain.UnitTests\SatisfactoryPlanner.BuildingBlocks.Domain.UnitTests.csproj", "{3D02F550-E185-4B96-8609-C5EB79C2713D}"
EndProject
Project("{9A19103F-16F7-4668-BE54-9A1E7A4F7556}") = "SatisfactoryPlanner.BuildingBlocks.IntegrationTests", "BuildingBlocks\Tests\SatisfactoryPlanner.BuildingBlocks.IntegrationTests\SatisfactoryPlanner.BuildingBlocks.IntegrationTests.csproj", "{9242D88F-1F6C-4413-80A3-B5B854AB5414}"
EndProject
Project("{2150E333-8FDC-42A3-9474-1A3956D46DE8}") = "Database", "Database", "{B6C1498C-6EF5-4DC7-9C49-3C748CA1DA31}"
EndProject
Project("{9A19103F-16F7-4668-BE54-9A1E7A4F7556}") = "DatabaseMigrator", "Database\DatabaseMigrator\DatabaseMigrator.csproj", "{82EFAB19-4915-42CE-B171-A227C5CFC689}"
EndProject
Project("{9A19103F-16F7-4668-BE54-9A1E7A4F7556}") = "DatabaseMigrator.Functions", "Database\DatabaseMigrator.Functions\DatabaseMigrator.Functions.csproj", "{4F498F5A-98C9-4B17-89D4-E0CAA7D43CF3}"
EndProject
Project("{2150E333-8FDC-42A3-9474-1A3956D46DE8}") = "Modules", "Modules", "{AFD54224-7CB0-4B3B-A3A2-BA4E4FFAEE77}"
EndProject
Project("{2150E333-8FDC-42A3-9474-1A3956D46DE8}") = "GameData", "GameData", "{47A2F1AF-A1F8-47E3-8C40-12FFB9BD6708}"
EndProject
Project("{9A19103F-16F7-4668-BE54-9A1E7A4F7556}") = "SatisfactoryPlanner.Modules.GameData.GameData", "Modules\GameData\GameData\SatisfactoryPlanner.Modules.GameData.GameData.csproj", "{DF0994A7-BC27-4ADC-AF9D-9C2FFCC85298}"
EndProject
Project("{2150E333-8FDC-42A3-9474-1A3956D46DE8}") = "Production", "Production", "{F3C703A0-817F-4014-A166-D2EAE5058B3F}"
EndProject
Project("{9A19103F-16F7-4668-BE54-9A1E7A4F7556}") = "SatisfactoryPlanner.Modules.Production.Application", "Modules\Production\Application\SatisfactoryPlanner.Modules.Production.Application.csproj", "{05CC273B-57EE-4C24-9BA1-5DA8AFD8C5B5}"
EndProject
Project("{9A19103F-16F7-4668-BE54-9A1E7A4F7556}") = "SatisfactoryPlanner.Modules.Production.Domain", "Modules\Production\Domain\SatisfactoryPlanner.Modules.Production.Domain.csproj", "{E367A5BB-9A95-4627-9051-5A9CA15343BA}"
EndProject
Project("{9A19103F-16F7-4668-BE54-9A1E7A4F7556}") = "SatisfactoryPlanner.Modules.Production.Infrastructure", "Modules\Production\Infrastructure\SatisfactoryPlanner.Modules.Production.Infrastructure.csproj", "{4271C040-933B-45A9-887D-317E6E92F250}"
EndProject
Project("{2150E333-8FDC-42A3-9474-1A3956D46DE8}") = "Tests", "Tests", "{73C5DD36-D873-41DA-87F5-9993C38B147B}"
EndProject
Project("{9A19103F-16F7-4668-BE54-9A1E7A4F7556}") = "SatisfactoryPlanner.Modules.Production.ArchTests", "Modules\Production\Tests\ArchTests\SatisfactoryPlanner.Modules.Production.ArchTests.csproj", "{5EFB6D21-EC98-4EFF-9FE3-2CF955EAD6B9}"
EndProject
Project("{9A19103F-16F7-4668-BE54-9A1E7A4F7556}") = "SatisfactoryPlanner.Modules.Production.IntegrationTests", "Modules\Production\Tests\IntegrationTests\SatisfactoryPlanner.Modules.Production.IntegrationTests.csproj", "{531287BC-093B-4F80-AB9B-8B138A977B70}"
EndProject
Project("{9A19103F-16F7-4668-BE54-9A1E7A4F7556}") = "SatisfactoryPlanner.Modules.Production.UnitTests", "Modules\Production\Tests\UnitTests\SatisfactoryPlanner.Modules.Production.UnitTests.csproj", "{2B736264-F504-48A8-9C9B-BDE28E925085}"
EndProject
Project("{2150E333-8FDC-42A3-9474-1A3956D46DE8}") = "Resources", "Resources", "{B2AD4575-C5BF-4F62-80EC-1290CCBBBCAA}"
EndProject
Project("{9A19103F-16F7-4668-BE54-9A1E7A4F7556}") = "SatisfactoryPlanner.Modules.Resources.Application", "Modules\Resources\Application\SatisfactoryPlanner.Modules.Resources.Application.csproj", "{BA00CA4F-D07C-4D40-ABB4-56AE0B9609F4}"
EndProject
Project("{9A19103F-16F7-4668-BE54-9A1E7A4F7556}") = "SatisfactoryPlanner.Modules.Resources.Domain", "Modules\Resources\Domain\SatisfactoryPlanner.Modules.Resources.Domain.csproj", "{86757EAE-8A50-4547-938C-305DA4BE66B1}"
EndProject
Project("{9A19103F-16F7-4668-BE54-9A1E7A4F7556}") = "SatisfactoryPlanner.Modules.Resources.Infrastructure", "Modules\Resources\Infrastructure\SatisfactoryPlanner.Modules.Resources.Infrastructure.csproj", "{1F79C562-2165-45C5-B2B6-DBCCBF1D5A21}"
EndProject
Project("{9A19103F-16F7-4668-BE54-9A1E7A4F7556}") = "SatisfactoryPlanner.Modules.Resources.IntegrationEvents", "Modules\Resources\IntegrationEvents\SatisfactoryPlanner.Modules.Resources.IntegrationEvents.csproj", "{E994C9AE-BB2D-40F7-BB98-758BE908EDE6}"
EndProject
Project("{2150E333-8FDC-42A3-9474-1A3956D46DE8}") = "Tests", "Tests", "{BBDCAA45-07ED-4FE2-AE59-525E9E211B85}"
EndProject
Project("{9A19103F-16F7-4668-BE54-9A1E7A4F7556}") = "SatisfactoryPlanner.Modules.Resources.ArchTests", "Modules\Resources\Tests\ArchTests\SatisfactoryPlanner.Modules.Resources.ArchTests.csproj", "{1694258D-1D26-4055-A567-83FA84B9DE99}"
EndProject
Project("{9A19103F-16F7-4668-BE54-9A1E7A4F7556}") = "SatisfactoryPlanner.Modules.Resources.IntegrationTests", "Modules\Resources\Tests\IntegrationTests\SatisfactoryPlanner.Modules.Resources.IntegrationTests.csproj", "{C3DF4BD0-161C-403E-9FA6-8C0C1F511B29}"
EndProject
Project("{9A19103F-16F7-4668-BE54-9A1E7A4F7556}") = "SatisfactoryPlanner.Modules.Resources.UnitTests", "Modules\Resources\Tests\UnitTests\SatisfactoryPlanner.Modules.Resources.UnitTests.csproj", "{DE1B4B8B-4B34-465E-910B-2C36C15C03FC}"
EndProject
Project("{2150E333-8FDC-42A3-9474-1A3956D46DE8}") = "UserAccess", "UserAccess", "{389014AC-3278-4F76-BA8D-30F5B4744E82}"
EndProject
Project("{9A19103F-16F7-4668-BE54-9A1E7A4F7556}") = "SatisfactoryPlanner.Modules.UserAccess.Application", "Modules\UserAccess\Application\SatisfactoryPlanner.Modules.UserAccess.Application.csproj", "{7AB2C1A5-FB18-4872-96F9-4A66E3747837}"
EndProject
Project("{9A19103F-16F7-4668-BE54-9A1E7A4F7556}") = "SatisfactoryPlanner.Modules.UserAccess.Domain", "Modules\UserAccess\Domain\SatisfactoryPlanner.Modules.UserAccess.Domain.csproj", "{A7C790C0-E88D-485C-A63C-6812F8CD5AF6}"
EndProject
Project("{9A19103F-16F7-4668-BE54-9A1E7A4F7556}") = "SatisfactoryPlanner.Modules.UserAccess.Infrastructure", "Modules\UserAccess\Infrastructure\SatisfactoryPlanner.Modules.UserAccess.Infrastructure.csproj", "{835A3C9C-B0EB-4FDB-A408-37FD542B23C2}"
EndProject
Project("{9A19103F-16F7-4668-BE54-9A1E7A4F7556}") = "SatisfactoryPlanner.Modules.UserAccess.IntegrationEvents", "Modules\UserAccess\IntegrationEvents\SatisfactoryPlanner.Modules.UserAccess.IntegrationEvents.csproj", "{AF0AB01F-BECC-412A-88BE-880FF752696E}"
EndProject
Project("{2150E333-8FDC-42A3-9474-1A3956D46DE8}") = "Tests", "Tests", "{A9902063-00BE-46CE-B0D4-95CB9E98C2BD}"
EndProject
Project("{9A19103F-16F7-4668-BE54-9A1E7A4F7556}") = "SatisfactoryPlanner.Modules.UserAccess.ArchTests", "Modules\UserAccess\Tests\ArchTests\SatisfactoryPlanner.Modules.UserAccess.ArchTests.csproj", "{1894AB87-EED2-4E36-BB38-11E7C282D56B}"
EndProject
Project("{9A19103F-16F7-4668-BE54-9A1E7A4F7556}") = "SatisfactoryPlanner.Modules.UserAccess.IntegrationTests", "Modules\UserAccess\Tests\IntegrationTests\SatisfactoryPlanner.Modules.UserAccess.IntegrationTests.csproj", "{F5713461-28B2-488C-B85D-654A3EBBC4F6}"
EndProject
Project("{9A19103F-16F7-4668-BE54-9A1E7A4F7556}") = "SatisfactoryPlanner.Modules.UserAccess.UnitTests", "Modules\UserAccess\Tests\UnitTests\SatisfactoryPlanner.Modules.UserAccess.UnitTests.csproj", "{4D306208-64AB-4A79-82CF-ECFB0968F7D9}"
EndProject
Project("{2150E333-8FDC-42A3-9474-1A3956D46DE8}") = "Warehouses", "Warehouses", "{510A4240-1B07-45C8-84C5-29C7E359E641}"
EndProject
Project("{9A19103F-16F7-4668-BE54-9A1E7A4F7556}") = "SatisfactoryPlanner.Modules.Warehouses.Application", "Modules\Warehouses\Application\SatisfactoryPlanner.Modules.Warehouses.Application.csproj", "{78BAC20A-C12A-49C0-81F3-07843F6B4323}"
EndProject
Project("{9A19103F-16F7-4668-BE54-9A1E7A4F7556}") = "SatisfactoryPlanner.Modules.Warehouses.Domain", "Modules\Warehouses\Domain\SatisfactoryPlanner.Modules.Warehouses.Domain.csproj", "{5751EF27-3C27-4E41-83CD-8D230D1A237B}"
EndProject
Project("{9A19103F-16F7-4668-BE54-9A1E7A4F7556}") = "SatisfactoryPlanner.Modules.Warehouses.Infrastructure", "Modules\Warehouses\Infrastructure\SatisfactoryPlanner.Modules.Warehouses.Infrastructure.csproj", "{2E54FF18-DA91-4835-A44E-2816A2990CF2}"
EndProject
Project("{2150E333-8FDC-42A3-9474-1A3956D46DE8}") = "Tests", "Tests", "{4F7CF584-965B-4CBA-B104-C6B6FC5D5AFF}"
EndProject
Project("{9A19103F-16F7-4668-BE54-9A1E7A4F7556}") = "SatisfactoryPlanner.Modules.Warehouses.ArchTests", "Modules\Warehouses\Tests\ArchTests\SatisfactoryPlanner.Modules.Warehouses.ArchTests.csproj", "{D0CD4C1D-CB16-487A-98A0-E04EB1FA0DBD}"
EndProject
Project("{FAE04EC0-301F-11D3-BF4B-00C04F79EFBC}") = "SatisfactoryPlanner.Modules.Warehouses.IntegrationTests", "Modules\Warehouses\Tests\IntegrationTests\SatisfactoryPlanner.Modules.Warehouses.IntegrationTests.csproj", "{88E00BDD-D3E1-44BC-BEF2-362EC32051FE}"
EndProject
Project("{9A19103F-16F7-4668-BE54-9A1E7A4F7556}") = "SatisfactoryPlanner.Modules.Warehouses.UnitTests", "Modules\Warehouses\Tests\UnitTests\SatisfactoryPlanner.Modules.Warehouses.UnitTests.csproj", "{93BF492E-FEB8-4896-98E2-96F6E7180332}"
EndProject
Project("{2150E333-8FDC-42A3-9474-1A3956D46DE8}") = "Worlds", "Worlds", "{517BACCA-ED32-4774-98FE-48558D025DD4}"
EndProject
Project("{9A19103F-16F7-4668-BE54-9A1E7A4F7556}") = "SatisfactoryPlanner.Modules.Worlds.Application", "Modules\Worlds\Application\SatisfactoryPlanner.Modules.Worlds.Application.csproj", "{1D058EC9-828C-47A0-A679-DFA7B1A43247}"
EndProject
Project("{9A19103F-16F7-4668-BE54-9A1E7A4F7556}") = "SatisfactoryPlanner.Modules.Worlds.Domain", "Modules\Worlds\Domain\SatisfactoryPlanner.Modules.Worlds.Domain.csproj", "{D3840ABA-9457-4CFA-A060-50AD03C9E740}"
EndProject
Project("{9A19103F-16F7-4668-BE54-9A1E7A4F7556}") = "SatisfactoryPlanner.Modules.Worlds.Infrastructure", "Modules\Worlds\Infrastructure\SatisfactoryPlanner.Modules.Worlds.Infrastructure.csproj", "{8D3B667D-CF4C-4602-B243-2408593CF102}"
EndProject
Project("{9A19103F-16F7-4668-BE54-9A1E7A4F7556}") = "SatisfactoryPlanner.Modules.Worlds.IntegrationEvents", "Modules\Worlds\IntegrationEvents\SatisfactoryPlanner.Modules.Worlds.IntegrationEvents.csproj", "{74EF1967-C456-4121-A984-B9303E32FF1F}"
EndProject
Project("{2150E333-8FDC-42A3-9474-1A3956D46DE8}") = "Tests", "Tests", "{73C2F6A2-80CD-4C8E-9DBF-2B1352327FE8}"
EndProject
Project("{9A19103F-16F7-4668-BE54-9A1E7A4F7556}") = "SatisfactoryPlanner.Modules.Worlds.ArchTests", "Modules\Worlds\Tests\ArchTests\SatisfactoryPlanner.Modules.Worlds.ArchTests.csproj", "{DB68501A-A2D1-4AAF-A227-AAF744E35E18}"
EndProject
Project("{9A19103F-16F7-4668-BE54-9A1E7A4F7556}") = "SatisfactoryPlanner.Modules.Worlds.IntegrationTests", "Modules\Worlds\Tests\IntegrationTests\SatisfactoryPlanner.Modules.Worlds.IntegrationTests.csproj", "{173D2D7E-9C2F-4BC6-B151-CADE142A9095}"
EndProject
Project("{9A19103F-16F7-4668-BE54-9A1E7A4F7556}") = "SatisfactoryPlanner.Modules.Worlds.Domain.UnitTests", "Modules\Worlds\Tests\UnitTests\SatisfactoryPlanner.Modules.Worlds.Domain.UnitTests.csproj", "{E3D973FC-C0B7-4061-95B3-C60C13A72DD9}"
EndProject
Project("{2150E333-8FDC-42A3-9474-1A3956D46DE8}") = "UI", "UI", "{139DABEF-84E0-445F-B558-ED7ABC8F994E}"
EndProject
Project("{54A90642-561A-4BB1-A94E-469ADEE60C69}") = "SatisfactoryPlanner.UI", "UI\SatisfactoryPlanner.UI\SatisfactoryPlanner.UI.esproj", "{D51949FB-806C-4320-AC8D-712AB24C3DFD}"
EndProject
Global
	GlobalSection(SolutionConfigurationPlatforms) = preSolution
		Debug|Any CPU = Debug|Any CPU
		Release|Any CPU = Release|Any CPU
	EndGlobalSection
	GlobalSection(ProjectConfigurationPlatforms) = postSolution
		{BCF3FD01-B3C1-4B9E-BA5E-75939B40D987}.Debug|Any CPU.ActiveCfg = Debug|Any CPU
		{BCF3FD01-B3C1-4B9E-BA5E-75939B40D987}.Release|Any CPU.ActiveCfg = Release|Any CPU
		{14042750-24F3-4303-9340-7051FE31444B}.Debug|Any CPU.ActiveCfg = Debug|Any CPU
		{14042750-24F3-4303-9340-7051FE31444B}.Debug|Any CPU.Build.0 = Debug|Any CPU
		{14042750-24F3-4303-9340-7051FE31444B}.Release|Any CPU.ActiveCfg = Release|Any CPU
		{14042750-24F3-4303-9340-7051FE31444B}.Release|Any CPU.Build.0 = Release|Any CPU
		{6D687487-E90E-4AEE-8C4C-84E8EFDE923A}.Debug|Any CPU.ActiveCfg = Debug|Any CPU
		{6D687487-E90E-4AEE-8C4C-84E8EFDE923A}.Debug|Any CPU.Build.0 = Debug|Any CPU
		{6D687487-E90E-4AEE-8C4C-84E8EFDE923A}.Release|Any CPU.ActiveCfg = Release|Any CPU
		{6D687487-E90E-4AEE-8C4C-84E8EFDE923A}.Release|Any CPU.Build.0 = Release|Any CPU
		{E885C0D1-356D-4395-B352-BC48EE32812D}.Debug|Any CPU.ActiveCfg = Debug|Any CPU
		{E885C0D1-356D-4395-B352-BC48EE32812D}.Debug|Any CPU.Build.0 = Debug|Any CPU
		{E885C0D1-356D-4395-B352-BC48EE32812D}.Release|Any CPU.ActiveCfg = Release|Any CPU
		{E885C0D1-356D-4395-B352-BC48EE32812D}.Release|Any CPU.Build.0 = Release|Any CPU
		{A7B41980-5224-45AD-A7A4-9BF4CDB5F5A2}.Debug|Any CPU.ActiveCfg = Debug|Any CPU
		{A7B41980-5224-45AD-A7A4-9BF4CDB5F5A2}.Debug|Any CPU.Build.0 = Debug|Any CPU
		{A7B41980-5224-45AD-A7A4-9BF4CDB5F5A2}.Release|Any CPU.ActiveCfg = Release|Any CPU
		{A7B41980-5224-45AD-A7A4-9BF4CDB5F5A2}.Release|Any CPU.Build.0 = Release|Any CPU
		{E4727ECA-20FC-4495-B02A-88F6FB5CE1DA}.Debug|Any CPU.ActiveCfg = Debug|Any CPU
		{E4727ECA-20FC-4495-B02A-88F6FB5CE1DA}.Debug|Any CPU.Build.0 = Debug|Any CPU
		{E4727ECA-20FC-4495-B02A-88F6FB5CE1DA}.Release|Any CPU.ActiveCfg = Release|Any CPU
		{E4727ECA-20FC-4495-B02A-88F6FB5CE1DA}.Release|Any CPU.Build.0 = Release|Any CPU
		{553EFEE4-859B-4FD6-AFE9-DB1A4A2F2D16}.Debug|Any CPU.ActiveCfg = Debug|Any CPU
		{553EFEE4-859B-4FD6-AFE9-DB1A4A2F2D16}.Debug|Any CPU.Build.0 = Debug|Any CPU
		{553EFEE4-859B-4FD6-AFE9-DB1A4A2F2D16}.Release|Any CPU.ActiveCfg = Release|Any CPU
		{553EFEE4-859B-4FD6-AFE9-DB1A4A2F2D16}.Release|Any CPU.Build.0 = Release|Any CPU
		{91346DF2-819D-4A74-991A-5A64D1022793}.Debug|Any CPU.ActiveCfg = Debug|Any CPU
		{91346DF2-819D-4A74-991A-5A64D1022793}.Debug|Any CPU.Build.0 = Debug|Any CPU
		{91346DF2-819D-4A74-991A-5A64D1022793}.Release|Any CPU.ActiveCfg = Release|Any CPU
		{91346DF2-819D-4A74-991A-5A64D1022793}.Release|Any CPU.Build.0 = Release|Any CPU
		{37B96782-CAA2-48FE-A0DD-77670F49195F}.Debug|Any CPU.ActiveCfg = Debug|Any CPU
		{37B96782-CAA2-48FE-A0DD-77670F49195F}.Debug|Any CPU.Build.0 = Debug|Any CPU
		{37B96782-CAA2-48FE-A0DD-77670F49195F}.Release|Any CPU.ActiveCfg = Release|Any CPU
		{37B96782-CAA2-48FE-A0DD-77670F49195F}.Release|Any CPU.Build.0 = Release|Any CPU
		{3D02F550-E185-4B96-8609-C5EB79C2713D}.Debug|Any CPU.ActiveCfg = Debug|Any CPU
		{3D02F550-E185-4B96-8609-C5EB79C2713D}.Debug|Any CPU.Build.0 = Debug|Any CPU
		{3D02F550-E185-4B96-8609-C5EB79C2713D}.Release|Any CPU.ActiveCfg = Release|Any CPU
		{3D02F550-E185-4B96-8609-C5EB79C2713D}.Release|Any CPU.Build.0 = Release|Any CPU
		{9242D88F-1F6C-4413-80A3-B5B854AB5414}.Debug|Any CPU.ActiveCfg = Debug|Any CPU
		{9242D88F-1F6C-4413-80A3-B5B854AB5414}.Debug|Any CPU.Build.0 = Debug|Any CPU
		{9242D88F-1F6C-4413-80A3-B5B854AB5414}.Release|Any CPU.ActiveCfg = Release|Any CPU
		{9242D88F-1F6C-4413-80A3-B5B854AB5414}.Release|Any CPU.Build.0 = Release|Any CPU
		{82EFAB19-4915-42CE-B171-A227C5CFC689}.Debug|Any CPU.ActiveCfg = Debug|Any CPU
		{82EFAB19-4915-42CE-B171-A227C5CFC689}.Debug|Any CPU.Build.0 = Debug|Any CPU
		{82EFAB19-4915-42CE-B171-A227C5CFC689}.Release|Any CPU.ActiveCfg = Release|Any CPU
		{82EFAB19-4915-42CE-B171-A227C5CFC689}.Release|Any CPU.Build.0 = Release|Any CPU
		{4F498F5A-98C9-4B17-89D4-E0CAA7D43CF3}.Debug|Any CPU.ActiveCfg = Debug|Any CPU
		{4F498F5A-98C9-4B17-89D4-E0CAA7D43CF3}.Debug|Any CPU.Build.0 = Debug|Any CPU
		{4F498F5A-98C9-4B17-89D4-E0CAA7D43CF3}.Release|Any CPU.ActiveCfg = Release|Any CPU
		{4F498F5A-98C9-4B17-89D4-E0CAA7D43CF3}.Release|Any CPU.Build.0 = Release|Any CPU
		{DF0994A7-BC27-4ADC-AF9D-9C2FFCC85298}.Debug|Any CPU.ActiveCfg = Debug|Any CPU
		{DF0994A7-BC27-4ADC-AF9D-9C2FFCC85298}.Debug|Any CPU.Build.0 = Debug|Any CPU
		{DF0994A7-BC27-4ADC-AF9D-9C2FFCC85298}.Release|Any CPU.ActiveCfg = Release|Any CPU
		{DF0994A7-BC27-4ADC-AF9D-9C2FFCC85298}.Release|Any CPU.Build.0 = Release|Any CPU
		{05CC273B-57EE-4C24-9BA1-5DA8AFD8C5B5}.Debug|Any CPU.ActiveCfg = Debug|Any CPU
		{05CC273B-57EE-4C24-9BA1-5DA8AFD8C5B5}.Debug|Any CPU.Build.0 = Debug|Any CPU
		{05CC273B-57EE-4C24-9BA1-5DA8AFD8C5B5}.Release|Any CPU.ActiveCfg = Release|Any CPU
		{05CC273B-57EE-4C24-9BA1-5DA8AFD8C5B5}.Release|Any CPU.Build.0 = Release|Any CPU
		{E367A5BB-9A95-4627-9051-5A9CA15343BA}.Debug|Any CPU.ActiveCfg = Debug|Any CPU
		{E367A5BB-9A95-4627-9051-5A9CA15343BA}.Debug|Any CPU.Build.0 = Debug|Any CPU
		{E367A5BB-9A95-4627-9051-5A9CA15343BA}.Release|Any CPU.ActiveCfg = Release|Any CPU
		{E367A5BB-9A95-4627-9051-5A9CA15343BA}.Release|Any CPU.Build.0 = Release|Any CPU
		{4271C040-933B-45A9-887D-317E6E92F250}.Debug|Any CPU.ActiveCfg = Debug|Any CPU
		{4271C040-933B-45A9-887D-317E6E92F250}.Debug|Any CPU.Build.0 = Debug|Any CPU
		{4271C040-933B-45A9-887D-317E6E92F250}.Release|Any CPU.ActiveCfg = Release|Any CPU
		{4271C040-933B-45A9-887D-317E6E92F250}.Release|Any CPU.Build.0 = Release|Any CPU
		{5EFB6D21-EC98-4EFF-9FE3-2CF955EAD6B9}.Debug|Any CPU.ActiveCfg = Debug|Any CPU
		{5EFB6D21-EC98-4EFF-9FE3-2CF955EAD6B9}.Debug|Any CPU.Build.0 = Debug|Any CPU
		{5EFB6D21-EC98-4EFF-9FE3-2CF955EAD6B9}.Release|Any CPU.ActiveCfg = Release|Any CPU
		{5EFB6D21-EC98-4EFF-9FE3-2CF955EAD6B9}.Release|Any CPU.Build.0 = Release|Any CPU
		{531287BC-093B-4F80-AB9B-8B138A977B70}.Debug|Any CPU.ActiveCfg = Debug|Any CPU
		{531287BC-093B-4F80-AB9B-8B138A977B70}.Debug|Any CPU.Build.0 = Debug|Any CPU
		{531287BC-093B-4F80-AB9B-8B138A977B70}.Release|Any CPU.ActiveCfg = Release|Any CPU
		{531287BC-093B-4F80-AB9B-8B138A977B70}.Release|Any CPU.Build.0 = Release|Any CPU
		{2B736264-F504-48A8-9C9B-BDE28E925085}.Debug|Any CPU.ActiveCfg = Debug|Any CPU
		{2B736264-F504-48A8-9C9B-BDE28E925085}.Debug|Any CPU.Build.0 = Debug|Any CPU
		{2B736264-F504-48A8-9C9B-BDE28E925085}.Release|Any CPU.ActiveCfg = Release|Any CPU
		{2B736264-F504-48A8-9C9B-BDE28E925085}.Release|Any CPU.Build.0 = Release|Any CPU
		{BA00CA4F-D07C-4D40-ABB4-56AE0B9609F4}.Debug|Any CPU.ActiveCfg = Debug|Any CPU
		{BA00CA4F-D07C-4D40-ABB4-56AE0B9609F4}.Debug|Any CPU.Build.0 = Debug|Any CPU
		{BA00CA4F-D07C-4D40-ABB4-56AE0B9609F4}.Release|Any CPU.ActiveCfg = Release|Any CPU
		{BA00CA4F-D07C-4D40-ABB4-56AE0B9609F4}.Release|Any CPU.Build.0 = Release|Any CPU
		{86757EAE-8A50-4547-938C-305DA4BE66B1}.Debug|Any CPU.ActiveCfg = Debug|Any CPU
		{86757EAE-8A50-4547-938C-305DA4BE66B1}.Debug|Any CPU.Build.0 = Debug|Any CPU
		{86757EAE-8A50-4547-938C-305DA4BE66B1}.Release|Any CPU.ActiveCfg = Release|Any CPU
		{86757EAE-8A50-4547-938C-305DA4BE66B1}.Release|Any CPU.Build.0 = Release|Any CPU
		{1F79C562-2165-45C5-B2B6-DBCCBF1D5A21}.Debug|Any CPU.ActiveCfg = Debug|Any CPU
		{1F79C562-2165-45C5-B2B6-DBCCBF1D5A21}.Debug|Any CPU.Build.0 = Debug|Any CPU
		{1F79C562-2165-45C5-B2B6-DBCCBF1D5A21}.Release|Any CPU.ActiveCfg = Release|Any CPU
		{1F79C562-2165-45C5-B2B6-DBCCBF1D5A21}.Release|Any CPU.Build.0 = Release|Any CPU
		{E994C9AE-BB2D-40F7-BB98-758BE908EDE6}.Debug|Any CPU.ActiveCfg = Debug|Any CPU
		{E994C9AE-BB2D-40F7-BB98-758BE908EDE6}.Debug|Any CPU.Build.0 = Debug|Any CPU
		{E994C9AE-BB2D-40F7-BB98-758BE908EDE6}.Release|Any CPU.ActiveCfg = Release|Any CPU
		{E994C9AE-BB2D-40F7-BB98-758BE908EDE6}.Release|Any CPU.Build.0 = Release|Any CPU
		{1694258D-1D26-4055-A567-83FA84B9DE99}.Debug|Any CPU.ActiveCfg = Debug|Any CPU
		{1694258D-1D26-4055-A567-83FA84B9DE99}.Debug|Any CPU.Build.0 = Debug|Any CPU
		{1694258D-1D26-4055-A567-83FA84B9DE99}.Release|Any CPU.ActiveCfg = Release|Any CPU
		{1694258D-1D26-4055-A567-83FA84B9DE99}.Release|Any CPU.Build.0 = Release|Any CPU
		{C3DF4BD0-161C-403E-9FA6-8C0C1F511B29}.Debug|Any CPU.ActiveCfg = Debug|Any CPU
		{C3DF4BD0-161C-403E-9FA6-8C0C1F511B29}.Debug|Any CPU.Build.0 = Debug|Any CPU
		{C3DF4BD0-161C-403E-9FA6-8C0C1F511B29}.Release|Any CPU.ActiveCfg = Release|Any CPU
		{C3DF4BD0-161C-403E-9FA6-8C0C1F511B29}.Release|Any CPU.Build.0 = Release|Any CPU
		{DE1B4B8B-4B34-465E-910B-2C36C15C03FC}.Debug|Any CPU.ActiveCfg = Debug|Any CPU
		{DE1B4B8B-4B34-465E-910B-2C36C15C03FC}.Debug|Any CPU.Build.0 = Debug|Any CPU
		{DE1B4B8B-4B34-465E-910B-2C36C15C03FC}.Release|Any CPU.ActiveCfg = Release|Any CPU
		{DE1B4B8B-4B34-465E-910B-2C36C15C03FC}.Release|Any CPU.Build.0 = Release|Any CPU
		{7AB2C1A5-FB18-4872-96F9-4A66E3747837}.Debug|Any CPU.ActiveCfg = Debug|Any CPU
		{7AB2C1A5-FB18-4872-96F9-4A66E3747837}.Debug|Any CPU.Build.0 = Debug|Any CPU
		{7AB2C1A5-FB18-4872-96F9-4A66E3747837}.Release|Any CPU.ActiveCfg = Release|Any CPU
		{7AB2C1A5-FB18-4872-96F9-4A66E3747837}.Release|Any CPU.Build.0 = Release|Any CPU
		{A7C790C0-E88D-485C-A63C-6812F8CD5AF6}.Debug|Any CPU.ActiveCfg = Debug|Any CPU
		{A7C790C0-E88D-485C-A63C-6812F8CD5AF6}.Debug|Any CPU.Build.0 = Debug|Any CPU
		{A7C790C0-E88D-485C-A63C-6812F8CD5AF6}.Release|Any CPU.ActiveCfg = Release|Any CPU
		{A7C790C0-E88D-485C-A63C-6812F8CD5AF6}.Release|Any CPU.Build.0 = Release|Any CPU
		{835A3C9C-B0EB-4FDB-A408-37FD542B23C2}.Debug|Any CPU.ActiveCfg = Debug|Any CPU
		{835A3C9C-B0EB-4FDB-A408-37FD542B23C2}.Debug|Any CPU.Build.0 = Debug|Any CPU
		{835A3C9C-B0EB-4FDB-A408-37FD542B23C2}.Release|Any CPU.ActiveCfg = Release|Any CPU
		{835A3C9C-B0EB-4FDB-A408-37FD542B23C2}.Release|Any CPU.Build.0 = Release|Any CPU
		{AF0AB01F-BECC-412A-88BE-880FF752696E}.Debug|Any CPU.ActiveCfg = Debug|Any CPU
		{AF0AB01F-BECC-412A-88BE-880FF752696E}.Debug|Any CPU.Build.0 = Debug|Any CPU
		{AF0AB01F-BECC-412A-88BE-880FF752696E}.Release|Any CPU.ActiveCfg = Release|Any CPU
		{AF0AB01F-BECC-412A-88BE-880FF752696E}.Release|Any CPU.Build.0 = Release|Any CPU
		{1894AB87-EED2-4E36-BB38-11E7C282D56B}.Debug|Any CPU.ActiveCfg = Debug|Any CPU
		{1894AB87-EED2-4E36-BB38-11E7C282D56B}.Debug|Any CPU.Build.0 = Debug|Any CPU
		{1894AB87-EED2-4E36-BB38-11E7C282D56B}.Release|Any CPU.ActiveCfg = Release|Any CPU
		{1894AB87-EED2-4E36-BB38-11E7C282D56B}.Release|Any CPU.Build.0 = Release|Any CPU
		{F5713461-28B2-488C-B85D-654A3EBBC4F6}.Debug|Any CPU.ActiveCfg = Debug|Any CPU
		{F5713461-28B2-488C-B85D-654A3EBBC4F6}.Debug|Any CPU.Build.0 = Debug|Any CPU
		{F5713461-28B2-488C-B85D-654A3EBBC4F6}.Release|Any CPU.ActiveCfg = Release|Any CPU
		{F5713461-28B2-488C-B85D-654A3EBBC4F6}.Release|Any CPU.Build.0 = Release|Any CPU
		{4D306208-64AB-4A79-82CF-ECFB0968F7D9}.Debug|Any CPU.ActiveCfg = Debug|Any CPU
		{4D306208-64AB-4A79-82CF-ECFB0968F7D9}.Debug|Any CPU.Build.0 = Debug|Any CPU
		{4D306208-64AB-4A79-82CF-ECFB0968F7D9}.Release|Any CPU.ActiveCfg = Release|Any CPU
		{4D306208-64AB-4A79-82CF-ECFB0968F7D9}.Release|Any CPU.Build.0 = Release|Any CPU
		{78BAC20A-C12A-49C0-81F3-07843F6B4323}.Debug|Any CPU.ActiveCfg = Debug|Any CPU
		{78BAC20A-C12A-49C0-81F3-07843F6B4323}.Debug|Any CPU.Build.0 = Debug|Any CPU
		{78BAC20A-C12A-49C0-81F3-07843F6B4323}.Release|Any CPU.ActiveCfg = Release|Any CPU
		{78BAC20A-C12A-49C0-81F3-07843F6B4323}.Release|Any CPU.Build.0 = Release|Any CPU
		{5751EF27-3C27-4E41-83CD-8D230D1A237B}.Debug|Any CPU.ActiveCfg = Debug|Any CPU
		{5751EF27-3C27-4E41-83CD-8D230D1A237B}.Debug|Any CPU.Build.0 = Debug|Any CPU
		{5751EF27-3C27-4E41-83CD-8D230D1A237B}.Release|Any CPU.ActiveCfg = Release|Any CPU
		{5751EF27-3C27-4E41-83CD-8D230D1A237B}.Release|Any CPU.Build.0 = Release|Any CPU
		{2E54FF18-DA91-4835-A44E-2816A2990CF2}.Debug|Any CPU.ActiveCfg = Debug|Any CPU
		{2E54FF18-DA91-4835-A44E-2816A2990CF2}.Debug|Any CPU.Build.0 = Debug|Any CPU
		{2E54FF18-DA91-4835-A44E-2816A2990CF2}.Release|Any CPU.ActiveCfg = Release|Any CPU
		{2E54FF18-DA91-4835-A44E-2816A2990CF2}.Release|Any CPU.Build.0 = Release|Any CPU
		{D0CD4C1D-CB16-487A-98A0-E04EB1FA0DBD}.Debug|Any CPU.ActiveCfg = Debug|Any CPU
		{D0CD4C1D-CB16-487A-98A0-E04EB1FA0DBD}.Debug|Any CPU.Build.0 = Debug|Any CPU
		{D0CD4C1D-CB16-487A-98A0-E04EB1FA0DBD}.Release|Any CPU.ActiveCfg = Release|Any CPU
		{D0CD4C1D-CB16-487A-98A0-E04EB1FA0DBD}.Release|Any CPU.Build.0 = Release|Any CPU
		{1D058EC9-828C-47A0-A679-DFA7B1A43247}.Debug|Any CPU.ActiveCfg = Debug|Any CPU
		{1D058EC9-828C-47A0-A679-DFA7B1A43247}.Debug|Any CPU.Build.0 = Debug|Any CPU
		{1D058EC9-828C-47A0-A679-DFA7B1A43247}.Release|Any CPU.ActiveCfg = Release|Any CPU
		{1D058EC9-828C-47A0-A679-DFA7B1A43247}.Release|Any CPU.Build.0 = Release|Any CPU
		{D3840ABA-9457-4CFA-A060-50AD03C9E740}.Debug|Any CPU.ActiveCfg = Debug|Any CPU
		{D3840ABA-9457-4CFA-A060-50AD03C9E740}.Debug|Any CPU.Build.0 = Debug|Any CPU
		{D3840ABA-9457-4CFA-A060-50AD03C9E740}.Release|Any CPU.ActiveCfg = Release|Any CPU
		{D3840ABA-9457-4CFA-A060-50AD03C9E740}.Release|Any CPU.Build.0 = Release|Any CPU
		{8D3B667D-CF4C-4602-B243-2408593CF102}.Debug|Any CPU.ActiveCfg = Debug|Any CPU
		{8D3B667D-CF4C-4602-B243-2408593CF102}.Debug|Any CPU.Build.0 = Debug|Any CPU
		{8D3B667D-CF4C-4602-B243-2408593CF102}.Release|Any CPU.ActiveCfg = Release|Any CPU
		{8D3B667D-CF4C-4602-B243-2408593CF102}.Release|Any CPU.Build.0 = Release|Any CPU
		{74EF1967-C456-4121-A984-B9303E32FF1F}.Debug|Any CPU.ActiveCfg = Debug|Any CPU
		{74EF1967-C456-4121-A984-B9303E32FF1F}.Debug|Any CPU.Build.0 = Debug|Any CPU
		{74EF1967-C456-4121-A984-B9303E32FF1F}.Release|Any CPU.ActiveCfg = Release|Any CPU
		{74EF1967-C456-4121-A984-B9303E32FF1F}.Release|Any CPU.Build.0 = Release|Any CPU
		{DB68501A-A2D1-4AAF-A227-AAF744E35E18}.Debug|Any CPU.ActiveCfg = Debug|Any CPU
		{DB68501A-A2D1-4AAF-A227-AAF744E35E18}.Debug|Any CPU.Build.0 = Debug|Any CPU
		{DB68501A-A2D1-4AAF-A227-AAF744E35E18}.Release|Any CPU.ActiveCfg = Release|Any CPU
		{DB68501A-A2D1-4AAF-A227-AAF744E35E18}.Release|Any CPU.Build.0 = Release|Any CPU
		{173D2D7E-9C2F-4BC6-B151-CADE142A9095}.Debug|Any CPU.ActiveCfg = Debug|Any CPU
		{173D2D7E-9C2F-4BC6-B151-CADE142A9095}.Debug|Any CPU.Build.0 = Debug|Any CPU
		{173D2D7E-9C2F-4BC6-B151-CADE142A9095}.Release|Any CPU.ActiveCfg = Release|Any CPU
		{173D2D7E-9C2F-4BC6-B151-CADE142A9095}.Release|Any CPU.Build.0 = Release|Any CPU
		{E3D973FC-C0B7-4061-95B3-C60C13A72DD9}.Debug|Any CPU.ActiveCfg = Debug|Any CPU
		{E3D973FC-C0B7-4061-95B3-C60C13A72DD9}.Debug|Any CPU.Build.0 = Debug|Any CPU
		{E3D973FC-C0B7-4061-95B3-C60C13A72DD9}.Release|Any CPU.ActiveCfg = Release|Any CPU
		{E3D973FC-C0B7-4061-95B3-C60C13A72DD9}.Release|Any CPU.Build.0 = Release|Any CPU
		{D51949FB-806C-4320-AC8D-712AB24C3DFD}.Debug|Any CPU.ActiveCfg = Debug|Any CPU
		{D51949FB-806C-4320-AC8D-712AB24C3DFD}.Release|Any CPU.ActiveCfg = Release|Any CPU
		{93BF492E-FEB8-4896-98E2-96F6E7180332}.Debug|Any CPU.ActiveCfg = Debug|Any CPU
		{93BF492E-FEB8-4896-98E2-96F6E7180332}.Debug|Any CPU.Build.0 = Debug|Any CPU
		{93BF492E-FEB8-4896-98E2-96F6E7180332}.Release|Any CPU.ActiveCfg = Release|Any CPU
		{93BF492E-FEB8-4896-98E2-96F6E7180332}.Release|Any CPU.Build.0 = Release|Any CPU
		{88E00BDD-D3E1-44BC-BEF2-362EC32051FE}.Debug|Any CPU.ActiveCfg = Debug|Any CPU
		{88E00BDD-D3E1-44BC-BEF2-362EC32051FE}.Debug|Any CPU.Build.0 = Debug|Any CPU
		{88E00BDD-D3E1-44BC-BEF2-362EC32051FE}.Release|Any CPU.ActiveCfg = Release|Any CPU
		{88E00BDD-D3E1-44BC-BEF2-362EC32051FE}.Release|Any CPU.Build.0 = Release|Any CPU
	EndGlobalSection
	GlobalSection(SolutionProperties) = preSolution
		HideSolutionNode = FALSE
	EndGlobalSection
	GlobalSection(NestedProjects) = preSolution
		{14042750-24F3-4303-9340-7051FE31444B} = {45177093-D1BF-47F4-930B-CFBE7AF3CD5D}
		{B94E53D8-AF96-4988-94BF-36264A0C91E7} = {45177093-D1BF-47F4-930B-CFBE7AF3CD5D}
		{6D687487-E90E-4AEE-8C4C-84E8EFDE923A} = {B94E53D8-AF96-4988-94BF-36264A0C91E7}
		{E885C0D1-356D-4395-B352-BC48EE32812D} = {B94E53D8-AF96-4988-94BF-36264A0C91E7}
		{A7B41980-5224-45AD-A7A4-9BF4CDB5F5A2} = {757C2086-53D1-4FF4-8A4D-76CE49614DC2}
		{E4727ECA-20FC-4495-B02A-88F6FB5CE1DA} = {757C2086-53D1-4FF4-8A4D-76CE49614DC2}
		{553EFEE4-859B-4FD6-AFE9-DB1A4A2F2D16} = {757C2086-53D1-4FF4-8A4D-76CE49614DC2}
		{91346DF2-819D-4A74-991A-5A64D1022793} = {757C2086-53D1-4FF4-8A4D-76CE49614DC2}
		{C3E54654-3DB5-4C55-81E2-0978B65FF5CF} = {757C2086-53D1-4FF4-8A4D-76CE49614DC2}
		{37B96782-CAA2-48FE-A0DD-77670F49195F} = {C3E54654-3DB5-4C55-81E2-0978B65FF5CF}
		{3D02F550-E185-4B96-8609-C5EB79C2713D} = {C3E54654-3DB5-4C55-81E2-0978B65FF5CF}
		{9242D88F-1F6C-4413-80A3-B5B854AB5414} = {C3E54654-3DB5-4C55-81E2-0978B65FF5CF}
		{82EFAB19-4915-42CE-B171-A227C5CFC689} = {B6C1498C-6EF5-4DC7-9C49-3C748CA1DA31}
		{4F498F5A-98C9-4B17-89D4-E0CAA7D43CF3} = {B6C1498C-6EF5-4DC7-9C49-3C748CA1DA31}
		{47A2F1AF-A1F8-47E3-8C40-12FFB9BD6708} = {AFD54224-7CB0-4B3B-A3A2-BA4E4FFAEE77}
		{DF0994A7-BC27-4ADC-AF9D-9C2FFCC85298} = {47A2F1AF-A1F8-47E3-8C40-12FFB9BD6708}
		{F3C703A0-817F-4014-A166-D2EAE5058B3F} = {AFD54224-7CB0-4B3B-A3A2-BA4E4FFAEE77}
		{05CC273B-57EE-4C24-9BA1-5DA8AFD8C5B5} = {F3C703A0-817F-4014-A166-D2EAE5058B3F}
		{E367A5BB-9A95-4627-9051-5A9CA15343BA} = {F3C703A0-817F-4014-A166-D2EAE5058B3F}
		{4271C040-933B-45A9-887D-317E6E92F250} = {F3C703A0-817F-4014-A166-D2EAE5058B3F}
		{73C5DD36-D873-41DA-87F5-9993C38B147B} = {F3C703A0-817F-4014-A166-D2EAE5058B3F}
		{5EFB6D21-EC98-4EFF-9FE3-2CF955EAD6B9} = {73C5DD36-D873-41DA-87F5-9993C38B147B}
		{531287BC-093B-4F80-AB9B-8B138A977B70} = {73C5DD36-D873-41DA-87F5-9993C38B147B}
		{2B736264-F504-48A8-9C9B-BDE28E925085} = {73C5DD36-D873-41DA-87F5-9993C38B147B}
		{B2AD4575-C5BF-4F62-80EC-1290CCBBBCAA} = {AFD54224-7CB0-4B3B-A3A2-BA4E4FFAEE77}
		{BA00CA4F-D07C-4D40-ABB4-56AE0B9609F4} = {B2AD4575-C5BF-4F62-80EC-1290CCBBBCAA}
		{86757EAE-8A50-4547-938C-305DA4BE66B1} = {B2AD4575-C5BF-4F62-80EC-1290CCBBBCAA}
		{1F79C562-2165-45C5-B2B6-DBCCBF1D5A21} = {B2AD4575-C5BF-4F62-80EC-1290CCBBBCAA}
		{E994C9AE-BB2D-40F7-BB98-758BE908EDE6} = {B2AD4575-C5BF-4F62-80EC-1290CCBBBCAA}
		{BBDCAA45-07ED-4FE2-AE59-525E9E211B85} = {B2AD4575-C5BF-4F62-80EC-1290CCBBBCAA}
		{1694258D-1D26-4055-A567-83FA84B9DE99} = {BBDCAA45-07ED-4FE2-AE59-525E9E211B85}
		{C3DF4BD0-161C-403E-9FA6-8C0C1F511B29} = {BBDCAA45-07ED-4FE2-AE59-525E9E211B85}
		{DE1B4B8B-4B34-465E-910B-2C36C15C03FC} = {BBDCAA45-07ED-4FE2-AE59-525E9E211B85}
		{389014AC-3278-4F76-BA8D-30F5B4744E82} = {AFD54224-7CB0-4B3B-A3A2-BA4E4FFAEE77}
		{7AB2C1A5-FB18-4872-96F9-4A66E3747837} = {389014AC-3278-4F76-BA8D-30F5B4744E82}
		{A7C790C0-E88D-485C-A63C-6812F8CD5AF6} = {389014AC-3278-4F76-BA8D-30F5B4744E82}
		{835A3C9C-B0EB-4FDB-A408-37FD542B23C2} = {389014AC-3278-4F76-BA8D-30F5B4744E82}
		{AF0AB01F-BECC-412A-88BE-880FF752696E} = {389014AC-3278-4F76-BA8D-30F5B4744E82}
		{A9902063-00BE-46CE-B0D4-95CB9E98C2BD} = {389014AC-3278-4F76-BA8D-30F5B4744E82}
		{1894AB87-EED2-4E36-BB38-11E7C282D56B} = {A9902063-00BE-46CE-B0D4-95CB9E98C2BD}
		{F5713461-28B2-488C-B85D-654A3EBBC4F6} = {A9902063-00BE-46CE-B0D4-95CB9E98C2BD}
		{4D306208-64AB-4A79-82CF-ECFB0968F7D9} = {A9902063-00BE-46CE-B0D4-95CB9E98C2BD}
		{510A4240-1B07-45C8-84C5-29C7E359E641} = {AFD54224-7CB0-4B3B-A3A2-BA4E4FFAEE77}
		{78BAC20A-C12A-49C0-81F3-07843F6B4323} = {510A4240-1B07-45C8-84C5-29C7E359E641}
		{5751EF27-3C27-4E41-83CD-8D230D1A237B} = {510A4240-1B07-45C8-84C5-29C7E359E641}
		{2E54FF18-DA91-4835-A44E-2816A2990CF2} = {510A4240-1B07-45C8-84C5-29C7E359E641}
		{4F7CF584-965B-4CBA-B104-C6B6FC5D5AFF} = {510A4240-1B07-45C8-84C5-29C7E359E641}
		{D0CD4C1D-CB16-487A-98A0-E04EB1FA0DBD} = {4F7CF584-965B-4CBA-B104-C6B6FC5D5AFF}
		{517BACCA-ED32-4774-98FE-48558D025DD4} = {AFD54224-7CB0-4B3B-A3A2-BA4E4FFAEE77}
		{1D058EC9-828C-47A0-A679-DFA7B1A43247} = {517BACCA-ED32-4774-98FE-48558D025DD4}
		{D3840ABA-9457-4CFA-A060-50AD03C9E740} = {517BACCA-ED32-4774-98FE-48558D025DD4}
		{8D3B667D-CF4C-4602-B243-2408593CF102} = {517BACCA-ED32-4774-98FE-48558D025DD4}
		{74EF1967-C456-4121-A984-B9303E32FF1F} = {517BACCA-ED32-4774-98FE-48558D025DD4}
		{73C2F6A2-80CD-4C8E-9DBF-2B1352327FE8} = {517BACCA-ED32-4774-98FE-48558D025DD4}
		{DB68501A-A2D1-4AAF-A227-AAF744E35E18} = {73C2F6A2-80CD-4C8E-9DBF-2B1352327FE8}
		{173D2D7E-9C2F-4BC6-B151-CADE142A9095} = {73C2F6A2-80CD-4C8E-9DBF-2B1352327FE8}
		{E3D973FC-C0B7-4061-95B3-C60C13A72DD9} = {73C2F6A2-80CD-4C8E-9DBF-2B1352327FE8}
		{D51949FB-806C-4320-AC8D-712AB24C3DFD} = {139DABEF-84E0-445F-B558-ED7ABC8F994E}
		{93BF492E-FEB8-4896-98E2-96F6E7180332} = {4F7CF584-965B-4CBA-B104-C6B6FC5D5AFF}
		{88E00BDD-D3E1-44BC-BEF2-362EC32051FE} = {4F7CF584-965B-4CBA-B104-C6B6FC5D5AFF}
	EndGlobalSection
	GlobalSection(ExtensibilityGlobals) = postSolution
		SolutionGuid = {DFADD44E-5FD5-421B-8FBD-95AE901D48FE}
	EndGlobalSection
EndGlobal
