
Microsoft Visual Studio Solution File, Format Version 12.00
# Visual Studio Version 17
VisualStudioVersion = 17.0.31903.59
MinimumVisualStudioVersion = 10.0.40219.1
Project("{9A19103F-16F7-4668-BE54-9A1E7A4F7556}") = "UI", "UI\UI.csproj", "{B876F595-867C-4561-9DA6-14D2169EB0E5}"
EndProject
Project("{9A19103F-16F7-4668-BE54-9A1E7A4F7556}") = "Domain", "Domain\Domain.csproj", "{24103475-57FB-474C-9243-FA0BD6815E3E}"
EndProject
Project("{9A19103F-16F7-4668-BE54-9A1E7A4F7556}") = "Application", "Application\Application.csproj", "{890C0202-8B66-4055-9EB4-3822567ACC8A}"
EndProject
Project("{9A19103F-16F7-4668-BE54-9A1E7A4F7556}") = "Services", "Services\Services.csproj", "{2DD91431-8A92-4993-9546-778DC490E5B6}"
EndProject
Project("{9A19103F-16F7-4668-BE54-9A1E7A4F7556}") = "Services.Tests", "Services.Tests\Services.Tests.csproj", "{C7AF77F7-6738-45FF-8587-538604F479C6}"
EndProject
Project("{2150E333-8FDC-42A3-9474-1A3956D46DE8}") = "Database", "Database", "{B6C1498C-6EF5-4DC7-9C49-3C748CA1DA31}"
EndProject
Project("{2150E333-8FDC-42A3-9474-1A3956D46DE8}") = "Modules", "Modules", "{AFD54224-7CB0-4B3B-A3A2-BA4E4FFAEE77}"
EndProject
Project("{2150E333-8FDC-42A3-9474-1A3956D46DE8}") = "Factories", "Factories", "{F3C703A0-817F-4014-A166-D2EAE5058B3F}"
EndProject
Project("{9A19103F-16F7-4668-BE54-9A1E7A4F7556}") = "SatisfactoryPlanner.Modules.Factories.Domain", "Modules\Factories\SatisfactoryPlanner.Modules.Factories.Domain\SatisfactoryPlanner.Modules.Factories.Domain.csproj", "{E367A5BB-9A95-4627-9051-5A9CA15343BA}"
EndProject
Project("{9A19103F-16F7-4668-BE54-9A1E7A4F7556}") = "SatisfactoryPlanner.Modules.Factories.Infrastructure", "Modules\Factories\SatisfactoryPlanner.Modules.Factories.Infrastructure\SatisfactoryPlanner.Modules.Factories.Infrastructure.csproj", "{4271C040-933B-45A9-887D-317E6E92F250}"
EndProject
Project("{2150E333-8FDC-42A3-9474-1A3956D46DE8}") = "API", "API", "{45177093-D1BF-47F4-930B-CFBE7AF3CD5D}"
EndProject
Project("{9A19103F-16F7-4668-BE54-9A1E7A4F7556}") = "SatisfactoryPlanner.API", "API\SatisfactoryPlanner.API\SatisfactoryPlanner.API.csproj", "{14042750-24F3-4303-9340-7051FE31444B}"
EndProject
Project("{2150E333-8FDC-42A3-9474-1A3956D46DE8}") = "BuildingBlocks", "BuildingBlocks", "{757C2086-53D1-4FF4-8A4D-76CE49614DC2}"
EndProject
Project("{9A19103F-16F7-4668-BE54-9A1E7A4F7556}") = "SatisfactoryPlanner.BuildingBlocks.Application", "BuildingBlocks\SatisfactoryPlanner.BuildingBlocks.Application\SatisfactoryPlanner.BuildingBlocks.Application.csproj", "{A7B41980-5224-45AD-A7A4-9BF4CDB5F5A2}"
EndProject
Project("{9A19103F-16F7-4668-BE54-9A1E7A4F7556}") = "SatisfactoryPlanner.Modules.Factories.Application", "Modules\Factories\SatisfactoryPlanner.Modules.Factories.Application\SatisfactoryPlanner.Modules.Factories.Application.csproj", "{05CC273B-57EE-4C24-9BA1-5DA8AFD8C5B5}"
EndProject
Project("{9A19103F-16F7-4668-BE54-9A1E7A4F7556}") = "DatabaseMigrator", "Database\DatabaseMigrator\DatabaseMigrator.csproj", "{82EFAB19-4915-42CE-B171-A227C5CFC689}"
EndProject
Project("{9A19103F-16F7-4668-BE54-9A1E7A4F7556}") = "SatisfactoryPlanner.BuildingBlocks.Infrastructure", "BuildingBlocks\SatisfactoryPlanner.BuildingBlocks.Infrastructure\SatisfactoryPlanner.BuildingBlocks.Infrastructure.csproj", "{91346DF2-819D-4A74-991A-5A64D1022793}"
EndProject
Project("{9A19103F-16F7-4668-BE54-9A1E7A4F7556}") = "SatisfactoryPlanner.BuildingBlocks.Domain", "BuildingBlocks\SatisfactoryPlanner.BuildingBlocks.Domain\SatisfactoryPlanner.BuildingBlocks.Domain.csproj", "{E4727ECA-20FC-4495-B02A-88F6FB5CE1DA}"
EndProject
Project("{2150E333-8FDC-42A3-9474-1A3956D46DE8}") = "Tests", "Tests", "{73C5DD36-D873-41DA-87F5-9993C38B147B}"
EndProject
Project("{FAE04EC0-301F-11D3-BF4B-00C04F79EFBC}") = "SatisfactoryPlanner.Modules.Factories.ArchTests", "Modules\Factories\Tests\ArchTests\SatisfactoryPlanner.Modules.Factories.ArchTests.csproj", "{5EFB6D21-EC98-4EFF-9FE3-2CF955EAD6B9}"
EndProject
Global
	GlobalSection(SolutionConfigurationPlatforms) = preSolution
		Debug|Any CPU = Debug|Any CPU
		Release|Any CPU = Release|Any CPU
	EndGlobalSection
	GlobalSection(ProjectConfigurationPlatforms) = postSolution
		{B876F595-867C-4561-9DA6-14D2169EB0E5}.Debug|Any CPU.ActiveCfg = Debug|Any CPU
		{B876F595-867C-4561-9DA6-14D2169EB0E5}.Debug|Any CPU.Build.0 = Debug|Any CPU
		{B876F595-867C-4561-9DA6-14D2169EB0E5}.Release|Any CPU.ActiveCfg = Release|Any CPU
		{B876F595-867C-4561-9DA6-14D2169EB0E5}.Release|Any CPU.Build.0 = Release|Any CPU
		{24103475-57FB-474C-9243-FA0BD6815E3E}.Debug|Any CPU.ActiveCfg = Debug|Any CPU
		{24103475-57FB-474C-9243-FA0BD6815E3E}.Debug|Any CPU.Build.0 = Debug|Any CPU
		{24103475-57FB-474C-9243-FA0BD6815E3E}.Release|Any CPU.ActiveCfg = Release|Any CPU
		{24103475-57FB-474C-9243-FA0BD6815E3E}.Release|Any CPU.Build.0 = Release|Any CPU
		{890C0202-8B66-4055-9EB4-3822567ACC8A}.Debug|Any CPU.ActiveCfg = Debug|Any CPU
		{890C0202-8B66-4055-9EB4-3822567ACC8A}.Debug|Any CPU.Build.0 = Debug|Any CPU
		{890C0202-8B66-4055-9EB4-3822567ACC8A}.Release|Any CPU.ActiveCfg = Release|Any CPU
		{890C0202-8B66-4055-9EB4-3822567ACC8A}.Release|Any CPU.Build.0 = Release|Any CPU
		{2DD91431-8A92-4993-9546-778DC490E5B6}.Debug|Any CPU.ActiveCfg = Debug|Any CPU
		{2DD91431-8A92-4993-9546-778DC490E5B6}.Debug|Any CPU.Build.0 = Debug|Any CPU
		{2DD91431-8A92-4993-9546-778DC490E5B6}.Release|Any CPU.ActiveCfg = Release|Any CPU
		{2DD91431-8A92-4993-9546-778DC490E5B6}.Release|Any CPU.Build.0 = Release|Any CPU
		{C7AF77F7-6738-45FF-8587-538604F479C6}.Debug|Any CPU.ActiveCfg = Debug|Any CPU
		{C7AF77F7-6738-45FF-8587-538604F479C6}.Debug|Any CPU.Build.0 = Debug|Any CPU
		{C7AF77F7-6738-45FF-8587-538604F479C6}.Release|Any CPU.ActiveCfg = Release|Any CPU
		{C7AF77F7-6738-45FF-8587-538604F479C6}.Release|Any CPU.Build.0 = Release|Any CPU
		{E367A5BB-9A95-4627-9051-5A9CA15343BA}.Debug|Any CPU.ActiveCfg = Debug|Any CPU
		{E367A5BB-9A95-4627-9051-5A9CA15343BA}.Debug|Any CPU.Build.0 = Debug|Any CPU
		{E367A5BB-9A95-4627-9051-5A9CA15343BA}.Release|Any CPU.ActiveCfg = Release|Any CPU
		{E367A5BB-9A95-4627-9051-5A9CA15343BA}.Release|Any CPU.Build.0 = Release|Any CPU
		{4271C040-933B-45A9-887D-317E6E92F250}.Debug|Any CPU.ActiveCfg = Debug|Any CPU
		{4271C040-933B-45A9-887D-317E6E92F250}.Debug|Any CPU.Build.0 = Debug|Any CPU
		{4271C040-933B-45A9-887D-317E6E92F250}.Release|Any CPU.ActiveCfg = Release|Any CPU
		{4271C040-933B-45A9-887D-317E6E92F250}.Release|Any CPU.Build.0 = Release|Any CPU
		{14042750-24F3-4303-9340-7051FE31444B}.Debug|Any CPU.ActiveCfg = Debug|Any CPU
		{14042750-24F3-4303-9340-7051FE31444B}.Debug|Any CPU.Build.0 = Debug|Any CPU
		{14042750-24F3-4303-9340-7051FE31444B}.Release|Any CPU.ActiveCfg = Release|Any CPU
		{14042750-24F3-4303-9340-7051FE31444B}.Release|Any CPU.Build.0 = Release|Any CPU
		{A7B41980-5224-45AD-A7A4-9BF4CDB5F5A2}.Debug|Any CPU.ActiveCfg = Debug|Any CPU
		{A7B41980-5224-45AD-A7A4-9BF4CDB5F5A2}.Debug|Any CPU.Build.0 = Debug|Any CPU
		{A7B41980-5224-45AD-A7A4-9BF4CDB5F5A2}.Release|Any CPU.ActiveCfg = Release|Any CPU
		{A7B41980-5224-45AD-A7A4-9BF4CDB5F5A2}.Release|Any CPU.Build.0 = Release|Any CPU
		{05CC273B-57EE-4C24-9BA1-5DA8AFD8C5B5}.Debug|Any CPU.ActiveCfg = Debug|Any CPU
		{05CC273B-57EE-4C24-9BA1-5DA8AFD8C5B5}.Debug|Any CPU.Build.0 = Debug|Any CPU
		{05CC273B-57EE-4C24-9BA1-5DA8AFD8C5B5}.Release|Any CPU.ActiveCfg = Release|Any CPU
		{05CC273B-57EE-4C24-9BA1-5DA8AFD8C5B5}.Release|Any CPU.Build.0 = Release|Any CPU
		{82EFAB19-4915-42CE-B171-A227C5CFC689}.Debug|Any CPU.ActiveCfg = Debug|Any CPU
		{82EFAB19-4915-42CE-B171-A227C5CFC689}.Debug|Any CPU.Build.0 = Debug|Any CPU
		{82EFAB19-4915-42CE-B171-A227C5CFC689}.Release|Any CPU.ActiveCfg = Release|Any CPU
		{82EFAB19-4915-42CE-B171-A227C5CFC689}.Release|Any CPU.Build.0 = Release|Any CPU
		{91346DF2-819D-4A74-991A-5A64D1022793}.Debug|Any CPU.ActiveCfg = Debug|Any CPU
		{91346DF2-819D-4A74-991A-5A64D1022793}.Debug|Any CPU.Build.0 = Debug|Any CPU
		{91346DF2-819D-4A74-991A-5A64D1022793}.Release|Any CPU.ActiveCfg = Release|Any CPU
		{91346DF2-819D-4A74-991A-5A64D1022793}.Release|Any CPU.Build.0 = Release|Any CPU
		{E4727ECA-20FC-4495-B02A-88F6FB5CE1DA}.Debug|Any CPU.ActiveCfg = Debug|Any CPU
		{E4727ECA-20FC-4495-B02A-88F6FB5CE1DA}.Debug|Any CPU.Build.0 = Debug|Any CPU
		{E4727ECA-20FC-4495-B02A-88F6FB5CE1DA}.Release|Any CPU.ActiveCfg = Release|Any CPU
		{E4727ECA-20FC-4495-B02A-88F6FB5CE1DA}.Release|Any CPU.Build.0 = Release|Any CPU
		{5EFB6D21-EC98-4EFF-9FE3-2CF955EAD6B9}.Debug|Any CPU.ActiveCfg = Debug|Any CPU
		{5EFB6D21-EC98-4EFF-9FE3-2CF955EAD6B9}.Debug|Any CPU.Build.0 = Debug|Any CPU
		{5EFB6D21-EC98-4EFF-9FE3-2CF955EAD6B9}.Release|Any CPU.ActiveCfg = Release|Any CPU
		{5EFB6D21-EC98-4EFF-9FE3-2CF955EAD6B9}.Release|Any CPU.Build.0 = Release|Any CPU
	EndGlobalSection
	GlobalSection(SolutionProperties) = preSolution
		HideSolutionNode = FALSE
	EndGlobalSection
	GlobalSection(NestedProjects) = preSolution
		{F3C703A0-817F-4014-A166-D2EAE5058B3F} = {AFD54224-7CB0-4B3B-A3A2-BA4E4FFAEE77}
		{E367A5BB-9A95-4627-9051-5A9CA15343BA} = {F3C703A0-817F-4014-A166-D2EAE5058B3F}
		{4271C040-933B-45A9-887D-317E6E92F250} = {F3C703A0-817F-4014-A166-D2EAE5058B3F}
		{14042750-24F3-4303-9340-7051FE31444B} = {45177093-D1BF-47F4-930B-CFBE7AF3CD5D}
		{A7B41980-5224-45AD-A7A4-9BF4CDB5F5A2} = {757C2086-53D1-4FF4-8A4D-76CE49614DC2}
		{05CC273B-57EE-4C24-9BA1-5DA8AFD8C5B5} = {F3C703A0-817F-4014-A166-D2EAE5058B3F}
		{82EFAB19-4915-42CE-B171-A227C5CFC689} = {B6C1498C-6EF5-4DC7-9C49-3C748CA1DA31}
		{91346DF2-819D-4A74-991A-5A64D1022793} = {757C2086-53D1-4FF4-8A4D-76CE49614DC2}
		{E4727ECA-20FC-4495-B02A-88F6FB5CE1DA} = {757C2086-53D1-4FF4-8A4D-76CE49614DC2}
		{73C5DD36-D873-41DA-87F5-9993C38B147B} = {F3C703A0-817F-4014-A166-D2EAE5058B3F}
		{5EFB6D21-EC98-4EFF-9FE3-2CF955EAD6B9} = {73C5DD36-D873-41DA-87F5-9993C38B147B}
	EndGlobalSection
	GlobalSection(ExtensibilityGlobals) = postSolution
		SolutionGuid = {DFADD44E-5FD5-421B-8FBD-95AE901D48FE}
	EndGlobalSection
EndGlobal
